
Microsoft Visual Studio Solution File, Format Version 12.00
# Visual Studio Version 17
VisualStudioVersion = 17.3.32901.215
MinimumVisualStudioVersion = 10.0.40219.1
Project("{9A19103F-16F7-4668-BE54-9A1E7A4F7556}") = "BenchmarkStyleConfig", "BenchmarkStyleConfig\BenchmarkStyleConfig.csproj", "{7ED2A70A-549E-4A95-AA6F-17DC75ED4BF0}"
EndProject
Project("{FAE04EC0-301F-11D3-BF4B-00C04F79EFBC}") = "BenchmarkDotNet.CSharpObjectTypes", "BenchmarkDotNet.CSharpObjectTypes\BenchmarkDotNet.CSharpObjectTypes.csproj", "{9A1AA1CC-5463-452F-B4C2-877F73A0FBCC}"
EndProject
Project("{FAE04EC0-301F-11D3-BF4B-00C04F79EFBC}") = "BenchmarkDotnet.TargetMultipleRuntimes", "BenchmarkDotnet.TargetMultipleRuntimes\BenchmarkDotnet.TargetMultipleRuntimes.csproj", "{7E02CB13-5ACB-4F53-912B-163F0464D1C4}"
EndProject
Project("{FAE04EC0-301F-11D3-BF4B-00C04F79EFBC}") = "Benchmarks.SharedConfig", "BenchmarkDotnet.SharedConfig\Benchmarks.SharedConfig.csproj", "{CD0DAD68-7D22-453C-B264-B352D35A0B9E}"
EndProject
Global
	GlobalSection(SolutionConfigurationPlatforms) = preSolution
		Debug|Any CPU = Debug|Any CPU
		Release|Any CPU = Release|Any CPU
	EndGlobalSection
	GlobalSection(ProjectConfigurationPlatforms) = postSolution
		{7ED2A70A-549E-4A95-AA6F-17DC75ED4BF0}.Debug|Any CPU.ActiveCfg = Debug|Any CPU
		{7ED2A70A-549E-4A95-AA6F-17DC75ED4BF0}.Debug|Any CPU.Build.0 = Debug|Any CPU
		{7ED2A70A-549E-4A95-AA6F-17DC75ED4BF0}.Release|Any CPU.ActiveCfg = Release|Any CPU
		{7ED2A70A-549E-4A95-AA6F-17DC75ED4BF0}.Release|Any CPU.Build.0 = Release|Any CPU
		{9A1AA1CC-5463-452F-B4C2-877F73A0FBCC}.Debug|Any CPU.ActiveCfg = Debug|Any CPU
		{9A1AA1CC-5463-452F-B4C2-877F73A0FBCC}.Debug|Any CPU.Build.0 = Debug|Any CPU
		{9A1AA1CC-5463-452F-B4C2-877F73A0FBCC}.Release|Any CPU.ActiveCfg = Release|Any CPU
		{9A1AA1CC-5463-452F-B4C2-877F73A0FBCC}.Release|Any CPU.Build.0 = Release|Any CPU
		{7E02CB13-5ACB-4F53-912B-163F0464D1C4}.Debug|Any CPU.ActiveCfg = Debug|Any CPU
		{7E02CB13-5ACB-4F53-912B-163F0464D1C4}.Debug|Any CPU.Build.0 = Debug|Any CPU
		{7E02CB13-5ACB-4F53-912B-163F0464D1C4}.Release|Any CPU.ActiveCfg = Release|Any CPU
		{7E02CB13-5ACB-4F53-912B-163F0464D1C4}.Release|Any CPU.Build.0 = Release|Any CPU
		{CD0DAD68-7D22-453C-B264-B352D35A0B9E}.Debug|Any CPU.ActiveCfg = Debug|Any CPU
		{CD0DAD68-7D22-453C-B264-B352D35A0B9E}.Debug|Any CPU.Build.0 = Debug|Any CPU
		{CD0DAD68-7D22-453C-B264-B352D35A0B9E}.Release|Any CPU.ActiveCfg = Release|Any CPU
		{CD0DAD68-7D22-453C-B264-B352D35A0B9E}.Release|Any CPU.Build.0 = Release|Any CPU
	EndGlobalSection
	GlobalSection(SolutionProperties) = preSolution
		HideSolutionNode = FALSE
	EndGlobalSection
	GlobalSection(ExtensibilityGlobals) = postSolution
		SolutionGuid = {0C67369A-D473-4C2F-8D82-6A4B9C805EE9}
	EndGlobalSection
EndGlobal
